// !$*UTF8*$!
{
	archiveVersion = 1;
	classes = {
	};
	objectVersion = 46;
	objects = {

/* Begin PBXBuildFile section */
		CCC3F0351CD0C1A400FAD9EC /* main.swift in Sources */ = {isa = PBXBuildFile; fileRef = CCC3F0341CD0C1A400FAD9EC /* main.swift */; };
		CCC3F03D1CD0C1DE00FAD9EC /* CKRandomArray.swift in Sources */ = {isa = PBXBuildFile; fileRef = CCC3F03C1CD0C1DE00FAD9EC /* CKRandomArray.swift */; };
/* End PBXBuildFile section */

/* Begin PBXCopyFilesBuildPhase section */
		CCC3F02F1CD0C1A400FAD9EC /* CopyFiles */ = {
			isa = PBXCopyFilesBuildPhase;
			buildActionMask = 2147483647;
			dstPath = /usr/share/man/man1/;
			dstSubfolderSpec = 0;
			files = (
			);
			runOnlyForDeploymentPostprocessing = 1;
		};
/* End PBXCopyFilesBuildPhase section */

/* Begin PBXFileReference section */
		CCC3F0311CD0C1A400FAD9EC /* RandomArray_Swift */ = {isa = PBXFileReference; explicitFileType = "compiled.mach-o.executable"; includeInIndex = 0; path = RandomArray_Swift; sourceTree = BUILT_PRODUCTS_DIR; };
		CCC3F0341CD0C1A400FAD9EC /* main.swift */ = {isa = PBXFileReference; lastKnownFileType = sourcecode.swift; path = main.swift; sourceTree = "<group>"; };
		CCC3F03C1CD0C1DE00FAD9EC /* CKRandomArray.swift */ = {isa = PBXFileReference; fileEncoding = 4; lastKnownFileType = sourcecode.swift; path = CKRandomArray.swift; sourceTree = "<group>"; };
/* End PBXFileReference section */

/* Begin PBXFrameworksBuildPhase section */
		CCC3F02E1CD0C1A400FAD9EC /* Frameworks */ = {
			isa = PBXFrameworksBuildPhase;
			buildActionMask = 2147483647;
			files = (
			);
			runOnlyForDeploymentPostprocessing = 0;
		};
/* End PBXFrameworksBuildPhase section */

/* Begin PBXGroup section */
		CCC3F0281CD0C1A400FAD9EC = {
			isa = PBXGroup;
			children = (
				CCC3F0331CD0C1A400FAD9EC /* RandomArray_Swift */,
				CCC3F0321CD0C1A400FAD9EC /* Products */,
			);
			sourceTree = "<group>";
		};
		CCC3F0321CD0C1A400FAD9EC /* Products */ = {
			isa = PBXGroup;
			children = (
				CCC3F0311CD0C1A400FAD9EC /* RandomArray_Swift */,
			);
			name = Products;
			sourceTree = "<group>";
		};
		CCC3F0331CD0C1A400FAD9EC /* RandomArray_Swift */ = {
			isa = PBXGroup;
			children = (
				CCC3F0341CD0C1A400FAD9EC /* main.swift */,
				CCC3F03B1CD0C1BC00FAD9EC /* RandomArray */,
			);
			path = RandomArray_Swift;
			sourceTree = "<group>";
		};
		CCC3F03B1CD0C1BC00FAD9EC /* RandomArray */ = {
			isa = PBXGroup;
			children = (
				CCC3F03C1CD0C1DE00FAD9EC /* CKRandomArray.swift */,
			);
			path = RandomArray;
			sourceTree = "<group>";
		};
/* End PBXGroup section */

/* Begin PBXNativeTarget section */
		CCC3F0301CD0C1A400FAD9EC /* RandomArray_Swift */ = {
			isa = PBXNativeTarget;
			buildConfigurationList = CCC3F0381CD0C1A400FAD9EC /* Build configuration list for PBXNativeTarget "RandomArray_Swift" */;
			buildPhases = (
				CCC3F02D1CD0C1A400FAD9EC /* Sources */,
				CCC3F02E1CD0C1A400FAD9EC /* Frameworks */,
				CCC3F02F1CD0C1A400FAD9EC /* CopyFiles */,
			);
			buildRules = (
			);
			dependencies = (
			);
			name = RandomArray_Swift;
			productName = RandomArray_Swift;
			productReference = CCC3F0311CD0C1A400FAD9EC /* RandomArray_Swift */;
			productType = "com.apple.product-type.tool";
		};
/* End PBXNativeTarget section */

/* Begin PBXProject section */
		CCC3F0291CD0C1A400FAD9EC /* Project object */ = {
			isa = PBXProject;
			attributes = {
				LastSwiftUpdateCheck = 0730;
				LastUpgradeCheck = 0730;
				ORGANIZATIONNAME = "仇弘扬";
				TargetAttributes = {
					CCC3F0301CD0C1A400FAD9EC = {
						CreatedOnToolsVersion = 7.3;
					};
				};
			};
			buildConfigurationList = CCC3F02C1CD0C1A400FAD9EC /* Build configuration list for PBXProject "RandomArray_Swift" */;
			compatibilityVersion = "Xcode 3.2";
			developmentRegion = English;
			hasScannedForEncodings = 0;
			knownRegions = (
				en,
			);
			mainGroup = CCC3F0281CD0C1A400FAD9EC;
			productRefGroup = CCC3F0321CD0C1A400FAD9EC /* Products */;
			projectDirPath = "";
			projectRoot = "";
			targets = (
				CCC3F0301CD0C1A400FAD9EC /* RandomArray_Swift */,
			);
		};
/* End PBXProject section */

/* Begin PBXSourcesBuildPhase section */
		CCC3F02D1CD0C1A400FAD9EC /* Sources */ = {
			isa = PBXSourcesBuildPhase;
			buildActionMask = 2147483647;
			files = (
				CCC3F03D1CD0C1DE00FAD9EC /* CKRandomArray.swift in Sources */,
				CCC3F0351CD0C1A400FAD9EC /* main.swift in Sources */,
			);
			runOnlyForDeploymentPostprocessing = 0;
		};
/* End PBXSourcesBuildPhase section */

/* Begin XCBuildConfiguration section */
		CCC3F0361CD0C1A400FAD9EC /* Debug */ = {
			isa = XCBuildConfiguration;
			buildSettings = {
				ALWAYS_SEARCH_USER_PATHS = NO;
				CLANG_ANALYZER_NONNULL = YES;
				CLANG_CXX_LANGUAGE_STANDARD = "gnu++0x";
				CLANG_CXX_LIBRARY = "libc++";
				CLANG_ENABLE_MODULES = YES;
				CLANG_ENABLE_OBJC_ARC = YES;
				CLANG_WARN_BOOL_CONVERSION = YES;
				CLANG_WARN_CONSTANT_CONVERSION = YES;
				CLANG_WARN_DIRECT_OBJC_ISA_USAGE = YES_ERROR;
				CLANG_WARN_EMPTY_BODY = YES;
				CLANG_WARN_ENUM_CONVERSION = YES;
				CLANG_WARN_INT_CONVERSION = YES;
				CLANG_WARN_OBJC_ROOT_CLASS = YES_ERROR;
				CLANG_WARN_UNREACHABLE_CODE = YES;
				CLANG_WARN__DUPLICATE_METHOD_MATCH = YES;
				CODE_SIGN_IDENTITY = "-";
				COPY_PHASE_STRIP = NO;
				DEBUG_INFORMATION_FORMAT = dwarf;
				ENABLE_STRICT_OBJC_MSGSEND = YES;
				ENABLE_TESTABILITY = YES;
				GCC_C_LANGUAGE_STANDARD = gnu99;
				GCC_DYNAMIC_NO_PIC = NO;
				GCC_NO_COMMON_BLOCKS = YES;
				GCC_OPTIMIZATION_LEVEL = 0;
				GCC_PREPROCESSOR_DEFINITIONS = (
					"DEBUG=1",
					"$(inherited)",
				);
				GCC_WARN_64_TO_32_BIT_CONVERSION = YES;
				GCC_WARN_ABOUT_RETURN_TYPE = YES_ERROR;
				GCC_WARN_UNDECLARED_SELECTOR = YES;
				GCC_WARN_UNINITIALIZED_AUTOS = YES_AGGRESSIVE;
				GCC_WARN_UNUSED_FUNCTION = YES;
				GCC_WARN_UNUSED_VARIABLE = YES;
				MACOSX_DEPLOYMENT_TARGET = 10.11;
				MTL_ENABLE_DEBUG_INFO = YES;
				ONLY_ACTIVE_ARCH = YES;
				SDKROOT = macosx;
				SWIFT_OPTIMIZATION_LEVEL = "-Onone";
			};
			name = Debug;
		};
		CCC3F0371CD0C1A400FAD9EC /* Release */ = {
			isa = XCBuildConfiguration;
			buildSettings = {
				ALWAYS_SEARCH_USER_PATHS = NO;
				CLANG_ANALYZER_NONNULL = YES;
				CLANG_CXX_LANGUAGE_STANDARD = "gnu++0x";
				CLANG_CXX_LIBRARY = "libc++";
				CLANG_ENABLE_MODULES = YES;
				CLANG_ENABLE_OBJC_ARC = YES;
				CLANG_WARN_BOOL_CONVERSION = YES;
				CLANG_WARN_CONSTANT_CONVERSION = YES;
				CLANG_WARN_DIRECT_OBJC_ISA_USAGE = YES_ERROR;
				CLANG_WARN_EMPTY_BODY = YES;
				CLANG_WARN_ENUM_CONVERSION = YES;
				CLANG_WARN_INT_CONVERSION = YES;
				CLANG_WARN_OBJC_ROOT_CLASS = YES_ERROR;
				CLANG_WARN_UNREACHABLE_CODE = YES;
				CLANG_WARN__DUPLICATE_METHOD_MATCH = YES;
				CODE_SIGN_IDENTITY = "-";
				COPY_PHASE_STRIP = NO;
				DEBUG_INFORMATION_FORMAT = "dwarf-with-dsym";
				ENABLE_NS_ASSERTIONS = NO;
				ENABLE_STRICT_OBJC_MSGSEND = YES;
				GCC_C_LANGUAGE_STANDARD = gnu99;
				GCC_NO_COMMON_BLOCKS = YES;
				GCC_WARN_64_TO_32_BIT_CONVERSION = YES;
				GCC_WARN_ABOUT_RETURN_TYPE = YES_ERROR;
				GCC_WARN_UNDECLARED_SELECTOR = YES;
				GCC_WARN_UNINITIALIZED_AUTOS = YES_AGGRESSIVE;
				GCC_WARN_UNUSED_FUNCTION = YES;
				GCC_WARN_UNUSED_VARIABLE = YES;
				MACOSX_DEPLOYMENT_TARGET = 10.11;
				MTL_ENABLE_DEBUG_INFO = NO;
				SDKROOT = macosx;
			};
			name = Release;
		};
		CCC3F0391CD0C1A400FAD9EC /* Debug */ = {
			isa = XCBuildConfiguration;
			buildSettings = {
				PRODUCT_NAME = "$(TARGET_NAME)";
			};
			name = Debug;
		};
		CCC3F03A1CD0C1A400FAD9EC /* Release */ = {
			isa = XCBuildConfiguration;
			buildSettings = {
				PRODUCT_NAME = "$(TARGET_NAME)";
			};
			name = Release;
		};
/* End XCBuildConfiguration section */

/* Begin XCConfigurationList section */
		CCC3F02C1CD0C1A400FAD9EC /* Build configuration list for PBXProject "RandomArray_Swift" */ = {
			isa = XCConfigurationList;
			buildConfigurations = (
				CCC3F0361CD0C1A400FAD9EC /* Debug */,
				CCC3F0371CD0C1A400FAD9EC /* Release */,
			);
			defaultConfigurationIsVisible = 0;
			defaultConfigurationName = Release;
		};
		CCC3F0381CD0C1A400FAD9EC /* Build configuration list for PBXNativeTarget "RandomArray_Swift" */ = {
			isa = XCConfigurationList;
			buildConfigurations = (
				CCC3F0391CD0C1A400FAD9EC /* Debug */,
				CCC3F03A1CD0C1A400FAD9EC /* Release */,
			);
			defaultConfigurationIsVisible = 0;
		};
/* End XCConfigurationList section */
	};
	rootObject = CCC3F0291CD0C1A400FAD9EC /* Project object */;
}
